
Microsoft Visual Studio Solution File, Format Version 12.00
# Visual Studio Version 17
VisualStudioVersion = 17.0.31912.275
MinimumVisualStudioVersion = 10.0.40219.1
Project("{9A19103F-16F7-4668-BE54-9A1E7A4F7556}") = "L2Data2CodeWPF", "L2Data2CodeWPF\L2Data2CodeWPF.csproj", "{CE377730-547D-47D8-8B13-3502F58B30F0}"
EndProject
Project("{2150E333-8FDC-42A3-9474-1A3956D46DE8}") = "99-Presentation", "99-Presentation", "{25439D5C-D60D-473B-99E3-128FEB3A862F}"
EndProject
Project("{2150E333-8FDC-42A3-9474-1A3956D46DE8}") = "_Info", "_Info", "{E32A1A45-3000-461A-AEF1-DE4C27DC0BC0}"
	ProjectSection(SolutionItems) = preProject
		.editorconfig = .editorconfig
		L2Data2CodeWPF\newfeatures.md = L2Data2CodeWPF\newfeatures.md
		..\..\README.md = ..\..\README.md
		version.txt = version.txt
	EndProjectSection
EndProject
Project("{2150E333-8FDC-42A3-9474-1A3956D46DE8}") = "00-GeneratorLayer", "00-GeneratorLayer", "{4275BB58-B02F-4716-ADDF-CDEC33FC2E8A}"
EndProject
Project("{9A19103F-16F7-4668-BE54-9A1E7A4F7556}") = "L2Data2Code.BaseGenerator", "L2Data2Code.BaseGenerator\L2Data2Code.BaseGenerator.csproj", "{8BA621EA-597F-4F0F-9537-BE33317C17F3}"
EndProject
Project("{2150E333-8FDC-42A3-9474-1A3956D46DE8}") = "01-DataLayer", "01-DataLayer", "{637A84C4-A448-432F-9E1E-4C5916BDFFA0}"
EndProject
Project("{9A19103F-16F7-4668-BE54-9A1E7A4F7556}") = "L2Data2Code.SchemaReader", "L2Data2Code.SchemaReader\L2Data2Code.SchemaReader.csproj", "{C04B8262-A87E-49E9-93EC-5A73054AF78F}"
EndProject
Project("{9A19103F-16F7-4668-BE54-9A1E7A4F7556}") = "L2Data2Code.SharedLib", "L2Data2Code.SharedLib\L2Data2Code.SharedLib.csproj", "{A129CCA8-4408-427F-9D23-5624FB09A46A}"
EndProject
Project("{9A19103F-16F7-4668-BE54-9A1E7A4F7556}") = "ConvertXML2Json", "ConvertXML2Json\ConvertXML2Json.csproj", "{AEE39D52-7ADD-4E84-AD83-D028CCD3A2ED}"
EndProject
Project("{9A19103F-16F7-4668-BE54-9A1E7A4F7556}") = "ConvertTemplates", "ConvertTemplates\ConvertTemplates.csproj", "{6EAAFED9-3EB8-44E0-970E-45A385C2A19D}"
EndProject
Project("{9A19103F-16F7-4668-BE54-9A1E7A4F7556}") = "L2Data2CodeUI.Shared", "L2Data2CodeUI.Shared\L2Data2CodeUI.Shared.csproj", "{E0BEEEDC-B21B-4153-8635-A12C9A87A051}"
EndProject
Project("{9A19103F-16F7-4668-BE54-9A1E7A4F7556}") = "L2Data2Code.CLIBase", "L2Data2Code.CLIBase\L2Data2Code.CLIBase.csproj", "{4F3E16EC-D9B2-48A7-AFAA-C5C57CA63DDE}"
EndProject
Project("{9A19103F-16F7-4668-BE54-9A1E7A4F7556}") = "L2Data2Code.BaseHandleBars", "L2Data2Code.BaseHandleBars\L2Data2Code.BaseHandleBars.csproj", "{F2D4BE34-2543-4EBF-AA50-0D32C7164127}"
EndProject
Project("{9A19103F-16F7-4668-BE54-9A1E7A4F7556}") = "HandleBarsCLI", "HundleBarsCLI\HandleBarsCLI.csproj", "{070EF654-4B95-460E-89D3-9F349F69500D}"
EndProject
Project("{9A19103F-16F7-4668-BE54-9A1E7A4F7556}") = "Schema2Json", "Schema2Json\Schema2Json.csproj", "{6230B4EA-339E-48C1-8CF5-1D6B7BA6E83F}"
EndProject
Global
	GlobalSection(SolutionConfigurationPlatforms) = preSolution
		Debug|Any CPU = Debug|Any CPU
		Release|Any CPU = Release|Any CPU
	EndGlobalSection
	GlobalSection(ProjectConfigurationPlatforms) = postSolution
		{CE377730-547D-47D8-8B13-3502F58B30F0}.Debug|Any CPU.ActiveCfg = Debug|Any CPU
		{CE377730-547D-47D8-8B13-3502F58B30F0}.Debug|Any CPU.Build.0 = Debug|Any CPU
		{CE377730-547D-47D8-8B13-3502F58B30F0}.Release|Any CPU.ActiveCfg = Release|Any CPU
		{CE377730-547D-47D8-8B13-3502F58B30F0}.Release|Any CPU.Build.0 = Release|Any CPU
		{8BA621EA-597F-4F0F-9537-BE33317C17F3}.Debug|Any CPU.ActiveCfg = Debug|Any CPU
		{8BA621EA-597F-4F0F-9537-BE33317C17F3}.Debug|Any CPU.Build.0 = Debug|Any CPU
		{8BA621EA-597F-4F0F-9537-BE33317C17F3}.Release|Any CPU.ActiveCfg = Release|Any CPU
		{8BA621EA-597F-4F0F-9537-BE33317C17F3}.Release|Any CPU.Build.0 = Release|Any CPU
		{C04B8262-A87E-49E9-93EC-5A73054AF78F}.Debug|Any CPU.ActiveCfg = Debug|Any CPU
		{C04B8262-A87E-49E9-93EC-5A73054AF78F}.Debug|Any CPU.Build.0 = Debug|Any CPU
		{C04B8262-A87E-49E9-93EC-5A73054AF78F}.Release|Any CPU.ActiveCfg = Release|Any CPU
		{C04B8262-A87E-49E9-93EC-5A73054AF78F}.Release|Any CPU.Build.0 = Release|Any CPU
		{A129CCA8-4408-427F-9D23-5624FB09A46A}.Debug|Any CPU.ActiveCfg = Debug|Any CPU
		{A129CCA8-4408-427F-9D23-5624FB09A46A}.Debug|Any CPU.Build.0 = Debug|Any CPU
		{A129CCA8-4408-427F-9D23-5624FB09A46A}.Release|Any CPU.ActiveCfg = Release|Any CPU
		{A129CCA8-4408-427F-9D23-5624FB09A46A}.Release|Any CPU.Build.0 = Release|Any CPU
		{AEE39D52-7ADD-4E84-AD83-D028CCD3A2ED}.Debug|Any CPU.ActiveCfg = Debug|Any CPU
		{AEE39D52-7ADD-4E84-AD83-D028CCD3A2ED}.Debug|Any CPU.Build.0 = Debug|Any CPU
		{AEE39D52-7ADD-4E84-AD83-D028CCD3A2ED}.Release|Any CPU.ActiveCfg = Release|Any CPU
		{AEE39D52-7ADD-4E84-AD83-D028CCD3A2ED}.Release|Any CPU.Build.0 = Release|Any CPU
		{6EAAFED9-3EB8-44E0-970E-45A385C2A19D}.Debug|Any CPU.ActiveCfg = Debug|Any CPU
		{6EAAFED9-3EB8-44E0-970E-45A385C2A19D}.Debug|Any CPU.Build.0 = Debug|Any CPU
		{6EAAFED9-3EB8-44E0-970E-45A385C2A19D}.Release|Any CPU.ActiveCfg = Release|Any CPU
		{6EAAFED9-3EB8-44E0-970E-45A385C2A19D}.Release|Any CPU.Build.0 = Release|Any CPU
		{E0BEEEDC-B21B-4153-8635-A12C9A87A051}.Debug|Any CPU.ActiveCfg = Debug|Any CPU
		{E0BEEEDC-B21B-4153-8635-A12C9A87A051}.Debug|Any CPU.Build.0 = Debug|Any CPU
		{E0BEEEDC-B21B-4153-8635-A12C9A87A051}.Release|Any CPU.ActiveCfg = Release|Any CPU
		{E0BEEEDC-B21B-4153-8635-A12C9A87A051}.Release|Any CPU.Build.0 = Release|Any CPU
		{4F3E16EC-D9B2-48A7-AFAA-C5C57CA63DDE}.Debug|Any CPU.ActiveCfg = Debug|Any CPU
		{4F3E16EC-D9B2-48A7-AFAA-C5C57CA63DDE}.Debug|Any CPU.Build.0 = Debug|Any CPU
		{4F3E16EC-D9B2-48A7-AFAA-C5C57CA63DDE}.Release|Any CPU.ActiveCfg = Release|Any CPU
		{4F3E16EC-D9B2-48A7-AFAA-C5C57CA63DDE}.Release|Any CPU.Build.0 = Release|Any CPU
		{F2D4BE34-2543-4EBF-AA50-0D32C7164127}.Debug|Any CPU.ActiveCfg = Debug|Any CPU
		{F2D4BE34-2543-4EBF-AA50-0D32C7164127}.Debug|Any CPU.Build.0 = Debug|Any CPU
		{F2D4BE34-2543-4EBF-AA50-0D32C7164127}.Release|Any CPU.ActiveCfg = Release|Any CPU
		{F2D4BE34-2543-4EBF-AA50-0D32C7164127}.Release|Any CPU.Build.0 = Release|Any CPU
		{070EF654-4B95-460E-89D3-9F349F69500D}.Debug|Any CPU.ActiveCfg = Debug|Any CPU
		{070EF654-4B95-460E-89D3-9F349F69500D}.Debug|Any CPU.Build.0 = Debug|Any CPU
		{070EF654-4B95-460E-89D3-9F349F69500D}.Release|Any CPU.ActiveCfg = Release|Any CPU
		{070EF654-4B95-460E-89D3-9F349F69500D}.Release|Any CPU.Build.0 = Release|Any CPU
		{6230B4EA-339E-48C1-8CF5-1D6B7BA6E83F}.Debug|Any CPU.ActiveCfg = Debug|Any CPU
		{6230B4EA-339E-48C1-8CF5-1D6B7BA6E83F}.Debug|Any CPU.Build.0 = Debug|Any CPU
		{6230B4EA-339E-48C1-8CF5-1D6B7BA6E83F}.Release|Any CPU.ActiveCfg = Release|Any CPU
		{6230B4EA-339E-48C1-8CF5-1D6B7BA6E83F}.Release|Any CPU.Build.0 = Release|Any CPU
	EndGlobalSection
	GlobalSection(SolutionProperties) = preSolution
		HideSolutionNode = FALSE
	EndGlobalSection
	GlobalSection(NestedProjects) = preSolution
		{CE377730-547D-47D8-8B13-3502F58B30F0} = {25439D5C-D60D-473B-99E3-128FEB3A862F}
		{8BA621EA-597F-4F0F-9537-BE33317C17F3} = {4275BB58-B02F-4716-ADDF-CDEC33FC2E8A}
		{C04B8262-A87E-49E9-93EC-5A73054AF78F} = {637A84C4-A448-432F-9E1E-4C5916BDFFA0}
		{A129CCA8-4408-427F-9D23-5624FB09A46A} = {4275BB58-B02F-4716-ADDF-CDEC33FC2E8A}
		{AEE39D52-7ADD-4E84-AD83-D028CCD3A2ED} = {25439D5C-D60D-473B-99E3-128FEB3A862F}
		{6EAAFED9-3EB8-44E0-970E-45A385C2A19D} = {25439D5C-D60D-473B-99E3-128FEB3A862F}
		{E0BEEEDC-B21B-4153-8635-A12C9A87A051} = {25439D5C-D60D-473B-99E3-128FEB3A862F}
		{4F3E16EC-D9B2-48A7-AFAA-C5C57CA63DDE} = {25439D5C-D60D-473B-99E3-128FEB3A862F}
		{F2D4BE34-2543-4EBF-AA50-0D32C7164127} = {4275BB58-B02F-4716-ADDF-CDEC33FC2E8A}
		{070EF654-4B95-460E-89D3-9F349F69500D} = {25439D5C-D60D-473B-99E3-128FEB3A862F}
		{6230B4EA-339E-48C1-8CF5-1D6B7BA6E83F} = {25439D5C-D60D-473B-99E3-128FEB3A862F}
	EndGlobalSection
	GlobalSection(ExtensibilityGlobals) = postSolution
		SolutionGuid = {50C20FA4-9B10-4E98-B307-A9E9A3CDA0B3}
	EndGlobalSection
EndGlobal
